// !$*UTF8*$!
{
	archiveVersion = 1;
	classes = {
	};
	objectVersion = 56;
	objects = {

/* Begin PBXBuildFile section */
		8426AFDB2CE258220003718E /* Extensions.swift in Sources */ = {isa = PBXBuildFile; fileRef = 8426AFDA2CE258220003718E /* Extensions.swift */; };
		8426AFDD2CE26D5C0003718E /* User.swift in Sources */ = {isa = PBXBuildFile; fileRef = 8426AFDC2CE26D5C0003718E /* User.swift */; };
		8426AFDF2CE2806B0003718E /* VideoTableViewCell.swift in Sources */ = {isa = PBXBuildFile; fileRef = 8426AFDE2CE2806A0003718E /* VideoTableViewCell.swift */; };
		844695562CE18B4D00D1CEDF /* AppDelegate.swift in Sources */ = {isa = PBXBuildFile; fileRef = 844695552CE18B4D00D1CEDF /* AppDelegate.swift */; };
		844695582CE18B4D00D1CEDF /* SceneDelegate.swift in Sources */ = {isa = PBXBuildFile; fileRef = 844695572CE18B4D00D1CEDF /* SceneDelegate.swift */; };
		8446955A2CE18B4D00D1CEDF /* ViewController.swift in Sources */ = {isa = PBXBuildFile; fileRef = 844695592CE18B4D00D1CEDF /* ViewController.swift */; };
		8446955D2CE18B4D00D1CEDF /* Main.storyboard in Resources */ = {isa = PBXBuildFile; fileRef = 8446955B2CE18B4D00D1CEDF /* Main.storyboard */; };
		8446955F2CE18B5100D1CEDF /* Assets.xcassets in Resources */ = {isa = PBXBuildFile; fileRef = 8446955E2CE18B5100D1CEDF /* Assets.xcassets */; };
		844695622CE18B5100D1CEDF /* LaunchScreen.storyboard in Resources */ = {isa = PBXBuildFile; fileRef = 844695602CE18B5100D1CEDF /* LaunchScreen.storyboard */; };
		8446956A2CE18B8000D1CEDF /* LoginViewController.swift in Sources */ = {isa = PBXBuildFile; fileRef = 844695692CE18B8000D1CEDF /* LoginViewController.swift */; };
/* End PBXBuildFile section */

/* Begin PBXFileReference section */
		8426AFDA2CE258220003718E /* Extensions.swift */ = {isa = PBXFileReference; lastKnownFileType = sourcecode.swift; path = Extensions.swift; sourceTree = "<group>"; };
		8426AFDC2CE26D5C0003718E /* User.swift */ = {isa = PBXFileReference; lastKnownFileType = sourcecode.swift; path = User.swift; sourceTree = "<group>"; };
		8426AFDE2CE2806A0003718E /* VideoTableViewCell.swift */ = {isa = PBXFileReference; lastKnownFileType = sourcecode.swift; path = VideoTableViewCell.swift; sourceTree = "<group>"; };
		844695522CE18B4D00D1CEDF /* Miniproject.app */ = {isa = PBXFileReference; explicitFileType = wrapper.application; includeInIndex = 0; path = Miniproject.app; sourceTree = BUILT_PRODUCTS_DIR; };
		844695552CE18B4D00D1CEDF /* AppDelegate.swift */ = {isa = PBXFileReference; lastKnownFileType = sourcecode.swift; path = AppDelegate.swift; sourceTree = "<group>"; };
		844695572CE18B4D00D1CEDF /* SceneDelegate.swift */ = {isa = PBXFileReference; lastKnownFileType = sourcecode.swift; path = SceneDelegate.swift; sourceTree = "<group>"; };
		844695592CE18B4D00D1CEDF /* ViewController.swift */ = {isa = PBXFileReference; lastKnownFileType = sourcecode.swift; path = ViewController.swift; sourceTree = "<group>"; };
		8446955C2CE18B4D00D1CEDF /* Base */ = {isa = PBXFileReference; lastKnownFileType = file.storyboard; name = Base; path = Base.lproj/Main.storyboard; sourceTree = "<group>"; };
		8446955E2CE18B5100D1CEDF /* Assets.xcassets */ = {isa = PBXFileReference; lastKnownFileType = folder.assetcatalog; path = Assets.xcassets; sourceTree = "<group>"; };
		844695612CE18B5100D1CEDF /* Base */ = {isa = PBXFileReference; lastKnownFileType = file.storyboard; name = Base; path = Base.lproj/LaunchScreen.storyboard; sourceTree = "<group>"; };
		844695632CE18B5100D1CEDF /* Info.plist */ = {isa = PBXFileReference; lastKnownFileType = text.plist.xml; path = Info.plist; sourceTree = "<group>"; };
		844695692CE18B8000D1CEDF /* LoginViewController.swift */ = {isa = PBXFileReference; lastKnownFileType = sourcecode.swift; path = LoginViewController.swift; sourceTree = "<group>"; };
/* End PBXFileReference section */

/* Begin PBXFrameworksBuildPhase section */
		8446954F2CE18B4D00D1CEDF /* Frameworks */ = {
			isa = PBXFrameworksBuildPhase;
			buildActionMask = 2147483647;
			files = (
			);
			runOnlyForDeploymentPostprocessing = 0;
		};
/* End PBXFrameworksBuildPhase section */

/* Begin PBXGroup section */
		844695492CE18B4D00D1CEDF = {
			isa = PBXGroup;
			children = (
				844695542CE18B4D00D1CEDF /* Miniproject */,
				844695532CE18B4D00D1CEDF /* Products */,
			);
			sourceTree = "<group>";
		};
		844695532CE18B4D00D1CEDF /* Products */ = {
			isa = PBXGroup;
			children = (
				844695522CE18B4D00D1CEDF /* Miniproject.app */,
			);
			name = Products;
			sourceTree = "<group>";
		};
		844695542CE18B4D00D1CEDF /* Miniproject */ = {
			isa = PBXGroup;
			children = (
				844695552CE18B4D00D1CEDF /* AppDelegate.swift */,
				844695572CE18B4D00D1CEDF /* SceneDelegate.swift */,
				844695592CE18B4D00D1CEDF /* ViewController.swift */,
				8446955B2CE18B4D00D1CEDF /* Main.storyboard */,
				8446955E2CE18B5100D1CEDF /* Assets.xcassets */,
				844695602CE18B5100D1CEDF /* LaunchScreen.storyboard */,
				844695632CE18B5100D1CEDF /* Info.plist */,
				844695692CE18B8000D1CEDF /* LoginViewController.swift */,
				8426AFDA2CE258220003718E /* Extensions.swift */,
				8426AFDC2CE26D5C0003718E /* User.swift */,
				8426AFDE2CE2806A0003718E /* VideoTableViewCell.swift */,
			);
			path = Miniproject;
			sourceTree = "<group>";
		};
/* End PBXGroup section */

/* Begin PBXNativeTarget section */
		844695512CE18B4D00D1CEDF /* Miniproject */ = {
			isa = PBXNativeTarget;
			buildConfigurationList = 844695662CE18B5100D1CEDF /* Build configuration list for PBXNativeTarget "Miniproject" */;
			buildPhases = (
				8446954E2CE18B4D00D1CEDF /* Sources */,
				8446954F2CE18B4D00D1CEDF /* Frameworks */,
				844695502CE18B4D00D1CEDF /* Resources */,
			);
			buildRules = (
			);
			dependencies = (
			);
			name = Miniproject;
			productName = Miniproject;
			productReference = 844695522CE18B4D00D1CEDF /* Miniproject.app */;
			productType = "com.apple.product-type.application";
		};
/* End PBXNativeTarget section */

/* Begin PBXProject section */
		8446954A2CE18B4D00D1CEDF /* Project object */ = {
			isa = PBXProject;
			attributes = {
				BuildIndependentTargetsInParallel = 1;
				LastSwiftUpdateCheck = 1520;
				LastUpgradeCheck = 1520;
				TargetAttributes = {
					844695512CE18B4D00D1CEDF = {
						CreatedOnToolsVersion = 15.2;
					};
				};
			};
			buildConfigurationList = 8446954D2CE18B4D00D1CEDF /* Build configuration list for PBXProject "Miniproject" */;
			compatibilityVersion = "Xcode 14.0";
			developmentRegion = en;
			hasScannedForEncodings = 0;
			knownRegions = (
				en,
				Base,
			);
			mainGroup = 844695492CE18B4D00D1CEDF;
			productRefGroup = 844695532CE18B4D00D1CEDF /* Products */;
			projectDirPath = "";
			projectRoot = "";
			targets = (
				844695512CE18B4D00D1CEDF /* Miniproject */,
			);
		};
/* End PBXProject section */

/* Begin PBXResourcesBuildPhase section */
		844695502CE18B4D00D1CEDF /* Resources */ = {
			isa = PBXResourcesBuildPhase;
			buildActionMask = 2147483647;
			files = (
				844695622CE18B5100D1CEDF /* LaunchScreen.storyboard in Resources */,
				8446955F2CE18B5100D1CEDF /* Assets.xcassets in Resources */,
				8446955D2CE18B4D00D1CEDF /* Main.storyboard in Resources */,
			);
			runOnlyForDeploymentPostprocessing = 0;
		};
/* End PBXResourcesBuildPhase section */

/* Begin PBXSourcesBuildPhase section */
		8446954E2CE18B4D00D1CEDF /* Sources */ = {
			isa = PBXSourcesBuildPhase;
			buildActionMask = 2147483647;
			files = (
				8426AFDB2CE258220003718E /* Extensions.swift in Sources */,
				8446956A2CE18B8000D1CEDF /* LoginViewController.swift in Sources */,
				8426AFDD2CE26D5C0003718E /* User.swift in Sources */,
				8446955A2CE18B4D00D1CEDF /* ViewController.swift in Sources */,
				844695562CE18B4D00D1CEDF /* AppDelegate.swift in Sources */,
				844695582CE18B4D00D1CEDF /* SceneDelegate.swift in Sources */,
				8426AFDF2CE2806B0003718E /* VideoTableViewCell.swift in Sources */,
			);
			runOnlyForDeploymentPostprocessing = 0;
		};
/* End PBXSourcesBuildPhase section */

/* Begin PBXVariantGroup section */
		8446955B2CE18B4D00D1CEDF /* Main.storyboard */ = {
			isa = PBXVariantGroup;
			children = (
				8446955C2CE18B4D00D1CEDF /* Base */,
			);
			name = Main.storyboard;
			sourceTree = "<group>";
		};
		844695602CE18B5100D1CEDF /* LaunchScreen.storyboard */ = {
			isa = PBXVariantGroup;
			children = (
				844695612CE18B5100D1CEDF /* Base */,
			);
			name = LaunchScreen.storyboard;
			sourceTree = "<group>";
		};
/* End PBXVariantGroup section */

/* Begin XCBuildConfiguration section */
		844695642CE18B5100D1CEDF /* Debug */ = {
			isa = XCBuildConfiguration;
			buildSettings = {
				ALWAYS_SEARCH_USER_PATHS = NO;
				ASSETCATALOG_COMPILER_GENERATE_SWIFT_ASSET_SYMBOL_EXTENSIONS = YES;
				CLANG_ANALYZER_NONNULL = YES;
				CLANG_ANALYZER_NUMBER_OBJECT_CONVERSION = YES_AGGRESSIVE;
				CLANG_CXX_LANGUAGE_STANDARD = "gnu++20";
				CLANG_ENABLE_MODULES = YES;
				CLANG_ENABLE_OBJC_ARC = YES;
				CLANG_ENABLE_OBJC_WEAK = YES;
				CLANG_WARN_BLOCK_CAPTURE_AUTORELEASING = YES;
				CLANG_WARN_BOOL_CONVERSION = YES;
				CLANG_WARN_COMMA = YES;
				CLANG_WARN_CONSTANT_CONVERSION = YES;
				CLANG_WARN_DEPRECATED_OBJC_IMPLEMENTATIONS = YES;
				CLANG_WARN_DIRECT_OBJC_ISA_USAGE = YES_ERROR;
				CLANG_WARN_DOCUMENTATION_COMMENTS = YES;
				CLANG_WARN_EMPTY_BODY = YES;
				CLANG_WARN_ENUM_CONVERSION = YES;
				CLANG_WARN_INFINITE_RECURSION = YES;
				CLANG_WARN_INT_CONVERSION = YES;
				CLANG_WARN_NON_LITERAL_NULL_CONVERSION = YES;
				CLANG_WARN_OBJC_IMPLICIT_RETAIN_SELF = YES;
				CLANG_WARN_OBJC_LITERAL_CONVERSION = YES;
				CLANG_WARN_OBJC_ROOT_CLASS = YES_ERROR;
				CLANG_WARN_QUOTED_INCLUDE_IN_FRAMEWORK_HEADER = YES;
				CLANG_WARN_RANGE_LOOP_ANALYSIS = YES;
				CLANG_WARN_STRICT_PROTOTYPES = YES;
				CLANG_WARN_SUSPICIOUS_MOVE = YES;
				CLANG_WARN_UNGUARDED_AVAILABILITY = YES_AGGRESSIVE;
				CLANG_WARN_UNREACHABLE_CODE = YES;
				CLANG_WARN__DUPLICATE_METHOD_MATCH = YES;
				COPY_PHASE_STRIP = NO;
				DEBUG_INFORMATION_FORMAT = dwarf;
				ENABLE_STRICT_OBJC_MSGSEND = YES;
				ENABLE_TESTABILITY = YES;
				ENABLE_USER_SCRIPT_SANDBOXING = YES;
				GCC_C_LANGUAGE_STANDARD = gnu17;
				GCC_DYNAMIC_NO_PIC = NO;
				GCC_NO_COMMON_BLOCKS = YES;
				GCC_OPTIMIZATION_LEVEL = 0;
				GCC_PREPROCESSOR_DEFINITIONS = (
					"DEBUG=1",
					"$(inherited)",
				);
				GCC_WARN_64_TO_32_BIT_CONVERSION = YES;
				GCC_WARN_ABOUT_RETURN_TYPE = YES_ERROR;
				GCC_WARN_UNDECLARED_SELECTOR = YES;
				GCC_WARN_UNINITIALIZED_AUTOS = YES_AGGRESSIVE;
				GCC_WARN_UNUSED_FUNCTION = YES;
				GCC_WARN_UNUSED_VARIABLE = YES;
				IPHONEOS_DEPLOYMENT_TARGET = 17.2;
				LOCALIZATION_PREFERS_STRING_CATALOGS = YES;
				MTL_ENABLE_DEBUG_INFO = INCLUDE_SOURCE;
				MTL_FAST_MATH = YES;
				ONLY_ACTIVE_ARCH = YES;
				SDKROOT = iphoneos;
				SWIFT_ACTIVE_COMPILATION_CONDITIONS = "DEBUG $(inherited)";
				SWIFT_OPTIMIZATION_LEVEL = "-Onone";
			};
			name = Debug;
		};
		844695652CE18B5100D1CEDF /* Release */ = {
			isa = XCBuildConfiguration;
			buildSettings = {
				ALWAYS_SEARCH_USER_PATHS = NO;
				ASSETCATALOG_COMPILER_GENERATE_SWIFT_ASSET_SYMBOL_EXTENSIONS = YES;
				CLANG_ANALYZER_NONNULL = YES;
				CLANG_ANALYZER_NUMBER_OBJECT_CONVERSION = YES_AGGRESSIVE;
				CLANG_CXX_LANGUAGE_STANDARD = "gnu++20";
				CLANG_ENABLE_MODULES = YES;
				CLANG_ENABLE_OBJC_ARC = YES;
				CLANG_ENABLE_OBJC_WEAK = YES;
				CLANG_WARN_BLOCK_CAPTURE_AUTORELEASING = YES;
				CLANG_WARN_BOOL_CONVERSION = YES;
				CLANG_WARN_COMMA = YES;
				CLANG_WARN_CONSTANT_CONVERSION = YES;
				CLANG_WARN_DEPRECATED_OBJC_IMPLEMENTATIONS = YES;
				CLANG_WARN_DIRECT_OBJC_ISA_USAGE = YES_ERROR;
				CLANG_WARN_DOCUMENTATION_COMMENTS = YES;
				CLANG_WARN_EMPTY_BODY = YES;
				CLANG_WARN_ENUM_CONVERSION = YES;
				CLANG_WARN_INFINITE_RECURSION = YES;
				CLANG_WARN_INT_CONVERSION = YES;
				CLANG_WARN_NON_LITERAL_NULL_CONVERSION = YES;
				CLANG_WARN_OBJC_IMPLICIT_RETAIN_SELF = YES;
				CLANG_WARN_OBJC_LITERAL_CONVERSION = YES;
				CLANG_WARN_OBJC_ROOT_CLASS = YES_ERROR;
				CLANG_WARN_QUOTED_INCLUDE_IN_FRAMEWORK_HEADER = YES;
				CLANG_WARN_RANGE_LOOP_ANALYSIS = YES;
				CLANG_WARN_STRICT_PROTOTYPES = YES;
				CLANG_WARN_SUSPICIOUS_MOVE = YES;
				CLANG_WARN_UNGUARDED_AVAILABILITY = YES_AGGRESSIVE;
				CLANG_WARN_UNREACHABLE_CODE = YES;
				CLANG_WARN__DUPLICATE_METHOD_MATCH = YES;
				COPY_PHASE_STRIP = NO;
				DEBUG_INFORMATION_FORMAT = "dwarf-with-dsym";
				ENABLE_NS_ASSERTIONS = NO;
				ENABLE_STRICT_OBJC_MSGSEND = YES;
				ENABLE_USER_SCRIPT_SANDBOXING = YES;
				GCC_C_LANGUAGE_STANDARD = gnu17;
				GCC_NO_COMMON_BLOCKS = YES;
				GCC_WARN_64_TO_32_BIT_CONVERSION = YES;
				GCC_WARN_ABOUT_RETURN_TYPE = YES_ERROR;
				GCC_WARN_UNDECLARED_SELECTOR = YES;
				GCC_WARN_UNINITIALIZED_AUTOS = YES_AGGRESSIVE;
				GCC_WARN_UNUSED_FUNCTION = YES;
				GCC_WARN_UNUSED_VARIABLE = YES;
				IPHONEOS_DEPLOYMENT_TARGET = 17.2;
				LOCALIZATION_PREFERS_STRING_CATALOGS = YES;
				MTL_ENABLE_DEBUG_INFO = NO;
				MTL_FAST_MATH = YES;
				SDKROOT = iphoneos;
				SWIFT_COMPILATION_MODE = wholemodule;
				VALIDATE_PRODUCT = YES;
			};
			name = Release;
		};
		844695672CE18B5100D1CEDF /* Debug */ = {
			isa = XCBuildConfiguration;
			buildSettings = {
				ASSETCATALOG_COMPILER_APPICON_NAME = AppIcon;
				ASSETCATALOG_COMPILER_GLOBAL_ACCENT_COLOR_NAME = AccentColor;
				CODE_SIGN_STYLE = Automatic;
				CURRENT_PROJECT_VERSION = 1;
				DEVELOPMENT_TEAM = QV5F6N28VG;
				GENERATE_INFOPLIST_FILE = YES;
				INFOPLIST_FILE = Miniproject/Info.plist;
				INFOPLIST_KEY_UIApplicationSupportsIndirectInputEvents = YES;
				INFOPLIST_KEY_UILaunchStoryboardName = LaunchScreen;
				INFOPLIST_KEY_UIMainStoryboardFile = Main;
				INFOPLIST_KEY_UISupportedInterfaceOrientations_iPad = "UIInterfaceOrientationPortrait UIInterfaceOrientationPortraitUpsideDown UIInterfaceOrientationLandscapeLeft UIInterfaceOrientationLandscapeRight";
				INFOPLIST_KEY_UISupportedInterfaceOrientations_iPhone = "UIInterfaceOrientationPortrait UIInterfaceOrientationLandscapeLeft UIInterfaceOrientationLandscapeRight";
				LD_RUNPATH_SEARCH_PATHS = (
					"$(inherited)",
					"@executable_path/Frameworks",
				);
				MARKETING_VERSION = 1.0;
				PRODUCT_BUNDLE_IDENTIFIER = adithya.Miniproject;
				PRODUCT_NAME = "$(TARGET_NAME)";
				SWIFT_EMIT_LOC_STRINGS = YES;
				SWIFT_VERSION = 5.0;
				TARGETED_DEVICE_FAMILY = "1,2";
			};
			name = Debug;
		};
		844695682CE18B5100D1CEDF /* Release */ = {
			isa = XCBuildConfiguration;
			buildSettings = {
				ASSETCATALOG_COMPILER_APPICON_NAME = AppIcon;
				ASSETCATALOG_COMPILER_GLOBAL_ACCENT_COLOR_NAME = AccentColor;
				CODE_SIGN_STYLE = Automatic;
				CURRENT_PROJECT_VERSION = 1;
				DEVELOPMENT_TEAM = QV5F6N28VG;
				GENERATE_INFOPLIST_FILE = YES;
				INFOPLIST_FILE = Miniproject/Info.plist;
				INFOPLIST_KEY_UIApplicationSupportsIndirectInputEvents = YES;
				INFOPLIST_KEY_UILaunchStoryboardName = LaunchScreen;
				INFOPLIST_KEY_UIMainStoryboardFile = Main;
				INFOPLIST_KEY_UISupportedInterfaceOrientations_iPad = "UIInterfaceOrientationPortrait UIInterfaceOrientationPortraitUpsideDown UIInterfaceOrientationLandscapeLeft UIInterfaceOrientationLandscapeRight";
				INFOPLIST_KEY_UISupportedInterfaceOrientations_iPhone = "UIInterfaceOrientationPortrait UIInterfaceOrientationLandscapeLeft UIInterfaceOrientationLandscapeRight";
				LD_RUNPATH_SEARCH_PATHS = (
					"$(inherited)",
					"@executable_path/Frameworks",
				);
				MARKETING_VERSION = 1.0;
				PRODUCT_BUNDLE_IDENTIFIER = adithya.Miniproject;
				PRODUCT_NAME = "$(TARGET_NAME)";
				SWIFT_EMIT_LOC_STRINGS = YES;
				SWIFT_VERSION = 5.0;
				TARGETED_DEVICE_FAMILY = "1,2";
			};
			name = Release;
		};
/* End XCBuildConfiguration section */

/* Begin XCConfigurationList section */
		8446954D2CE18B4D00D1CEDF /* Build configuration list for PBXProject "Miniproject" */ = {
			isa = XCConfigurationList;
			buildConfigurations = (
				844695642CE18B5100D1CEDF /* Debug */,
				844695652CE18B5100D1CEDF /* Release */,
			);
			defaultConfigurationIsVisible = 0;
			defaultConfigurationName = Release;
		};
		844695662CE18B5100D1CEDF /* Build configuration list for PBXNativeTarget "Miniproject" */ = {
			isa = XCConfigurationList;
			buildConfigurations = (
				844695672CE18B5100D1CEDF /* Debug */,
				844695682CE18B5100D1CEDF /* Release */,
			);
			defaultConfigurationIsVisible = 0;
			defaultConfigurationName = Release;
		};
/* End XCConfigurationList section */
	};
	rootObject = 8446954A2CE18B4D00D1CEDF /* Project object */;
}
